
Microsoft Visual Studio Solution File, Format Version 12.00
# Visual Studio 15
VisualStudioVersion = 15.0.28307.539
MinimumVisualStudioVersion = 10.0.40219.1
Project("{FAE04EC0-301F-11D3-BF4B-00C04F79EFBC}") = "StategyPattern", "StategyPattern\StategyPattern.csproj", "{DED5F0CF-DA62-46E4-9117-E5916C38CD7D}"
EndProject
Global
	GlobalSection(SolutionConfigurationPlatforms) = preSolution
		Debug|Any CPU = Debug|Any CPU
		Release|Any CPU = Release|Any CPU
	EndGlobalSection
	GlobalSection(ProjectConfigurationPlatforms) = postSolution
		{DED5F0CF-DA62-46E4-9117-E5916C38CD7D}.Debug|Any CPU.ActiveCfg = Debug|Any CPU
		{DED5F0CF-DA62-46E4-9117-E5916C38CD7D}.Debug|Any CPU.Build.0 = Debug|Any CPU
		{DED5F0CF-DA62-46E4-9117-E5916C38CD7D}.Release|Any CPU.ActiveCfg = Release|Any CPU
		{DED5F0CF-DA62-46E4-9117-E5916C38CD7D}.Release|Any CPU.Build.0 = Release|Any CPU
	EndGlobalSection
	GlobalSection(SolutionProperties) = preSolution
		HideSolutionNode = FALSE
	EndGlobalSection
	GlobalSection(ExtensibilityGlobals) = postSolution
		SolutionGuid = {15E8C51E-67C4-4E6E-87F1-04D989A35979}
	EndGlobalSection
EndGlobal
